
Microsoft Visual Studio Solution File, Format Version 12.00
# Visual Studio Version 16
VisualStudioVersion = 16.0.30711.63
MinimumVisualStudioVersion = 10.0.40219.1
Project("{9A19103F-16F7-4668-BE54-9A1E7A4F7556}") = "SplitSample", "SplitSample\SplitSample.csproj", "{21C1087E-4961-4055-A9E7-3C7696DAF80A}"
EndProject
Project("{FAE04EC0-301F-11D3-BF4B-00C04F79EFBC}") = "Split.AspNetCore.ApplicationInsights.Extensions", "Split.ApplicationInsights.Extensions\Split.AspNetCore.ApplicationInsights.Extensions.csproj", "{42D82DBA-EFF2-4116-9E80-8081CFB43183}"
EndProject
Global
	GlobalSection(SolutionConfigurationPlatforms) = preSolution
		Debug|Any CPU = Debug|Any CPU
		Release|Any CPU = Release|Any CPU
	EndGlobalSection
	GlobalSection(ProjectConfigurationPlatforms) = postSolution
		{21C1087E-4961-4055-A9E7-3C7696DAF80A}.Debug|Any CPU.ActiveCfg = Debug|Any CPU
		{21C1087E-4961-4055-A9E7-3C7696DAF80A}.Debug|Any CPU.Build.0 = Debug|Any CPU
		{21C1087E-4961-4055-A9E7-3C7696DAF80A}.Release|Any CPU.ActiveCfg = Release|Any CPU
		{21C1087E-4961-4055-A9E7-3C7696DAF80A}.Release|Any CPU.Build.0 = Release|Any CPU
		{42D82DBA-EFF2-4116-9E80-8081CFB43183}.Debug|Any CPU.ActiveCfg = Debug|Any CPU
		{42D82DBA-EFF2-4116-9E80-8081CFB43183}.Debug|Any CPU.Build.0 = Debug|Any CPU
		{42D82DBA-EFF2-4116-9E80-8081CFB43183}.Release|Any CPU.ActiveCfg = Release|Any CPU
		{42D82DBA-EFF2-4116-9E80-8081CFB43183}.Release|Any CPU.Build.0 = Release|Any CPU
	EndGlobalSection
	GlobalSection(SolutionProperties) = preSolution
		HideSolutionNode = FALSE
	EndGlobalSection
	GlobalSection(ExtensibilityGlobals) = postSolution
		SolutionGuid = {000FFA8E-EC10-4411-92F7-8675F20AF307}
	EndGlobalSection
EndGlobal
